version = 1
revision = 3
requires-python = ">=3.12"

[[package]]
name = "click"
version = "8.3.1"
source = { registry = "https://pypi.org/simple" }
dependencies = [
    { name = "colorama", marker = "sys_platform == 'win32'" },
]
sdist = { url = "https://files.pythonhosted.org/packages/3d/fa/656b739db8587d7b5dfa22e22ed02566950fbfbcdc20311993483657a5c0/click-8.3.1.tar.gz", hash = "sha256:12ff4785d337a1bb490bb7e9c2b1ee5da3112e94a8622f26a6c77f5d2fc6842a", size = 295065, upload-time = "2025-11-15T20:45:42.706Z" }
wheels = [
    { url = "https://files.pythonhosted.org/packages/98/78/01c019cdb5d6498122777c1a43056ebb3ebfeef2076d9d026bfe15583b2b/click-8.3.1-py3-none-any.whl", hash = "sha256:981153a64e25f12d547d3426c367a4857371575ee7ad18df2a6183ab0545b2a6", size = 108274, upload-time = "2025-11-15T20:45:41.139Z" },
]

[[package]]
name = "colorama"
version = "0.4.6"
source = { registry = "https://pypi.org/simple" }
sdist = { url = "https://files.pythonhosted.org/packages/d8/53/6f443c9a4a8358a93a6792e2acffb9d9d5cb0a5cfd8802644b7b1c9a02e4/colorama-0.4.6.tar.gz", hash = "sha256:08695f5cb7ed6e0531a20572697297273c47b8cae5a63ffc6d6ed5c201be6e44", size = 27697, upload-time = "2022-10-25T02:36:22.414Z" }
wheels = [
    { url = "https://files.pythonhosted.org/packages/d1/d6/3965ed04c63042e047cb6a3e6ed1a63a35087b6a609aa3a15ed8ac56c221/colorama-0.4.6-py2.py3-none-any.whl", hash = "sha256:4f1d9991f5acc0ca119f9d443620b77f9d6b33703e51011c16baf57afb285fc6", size = 25335, upload-time = "2022-10-25T02:36:20.889Z" },
]

[[package]]
name = "dulwich"
version = "1.0.0"
source = { registry = "https://pypi.org/simple" }
dependencies = [
    { name = "urllib3" },
]
sdist = { url = "https://files.pythonhosted.org/packages/ee/df/4178b6465e118e6e74fd78774b451953dd53c09fdec18f2c4b3319dd0485/dulwich-1.0.0.tar.gz", hash = "sha256:3d07104735525f22bfec35514ac611cf328c89b7acb059316a4f6e583c8f09bc", size = 1135862, upload-time = "2026-01-17T23:44:16.357Z" }
wheels = [
    { url = "https://files.pythonhosted.org/packages/cc/54/78054a9fd62aa7b1484e97673435cae494cad5d04f020d4571c47e9a2875/dulwich-1.0.0-cp312-cp312-macosx_11_0_arm64.whl", hash = "sha256:6736abc2ce2994e38a00a3a4c80237b2b944e7c6f4e346119debdd2592312d83", size = 1316278, upload-time = "2026-01-17T23:43:49.542Z" },
    { url = "https://files.pythonhosted.org/packages/30/20/b2140acf9431c8c862c200cd880b9e5cce8dbe9914324bf238ed92574aea/dulwich-1.0.0-cp312-cp312-manylinux_2_28_aarch64.whl", hash = "sha256:06514b02da1e32a077062924d2c3b20a7bc76ab9b92eeac691f72b76b14111bc", size = 1393024, upload-time = "2026-01-17T23:43:51.453Z" },
    { url = "https://files.pythonhosted.org/packages/69/71/ad744b9802f222dc364a851bd6130c17809b3472a81a16aefd7d3196f22a/dulwich-1.0.0-cp312-cp312-manylinux_2_28_x86_64.whl", hash = "sha256:32b6fb1205b1d9c0e43986f9e4e5e50a3670014440e61498eca2b8ab6b00129f", size = 1421022, upload-time = "2026-01-17T23:43:53.053Z" },
    { url = "https://files.pythonhosted.org/packages/21/c0/dfcd795a6b516b9e24aa4339dcc9cdd5ceffe007ad397e5b4938f9793981/dulwich-1.0.0-cp312-cp312-win32.whl", hash = "sha256:1a6583499b915fe5a8ac5595325f1e6a6a5a456de1575e0293e8a6ebb6915f3f", size = 980617, upload-time = "2026-01-17T23:43:54.642Z" },
    { url = "https://files.pythonhosted.org/packages/7c/d4/11075795cc8ab48c771c997fdefef612775ef2582c4710a8fba6ca987500/dulwich-1.0.0-cp312-cp312-win_amd64.whl", hash = "sha256:f90b54faeb995607c876cdb2c082c0f0af702e1ccb524c6126ce99a36536fa3f", size = 998048, upload-time = "2026-01-17T23:43:56.176Z" },
    { url = "https://files.pythonhosted.org/packages/97/82/5ce63c7a2ac8d756bc7477298633e420632eed97ea645ecea13210e9b1a7/dulwich-1.0.0-cp313-cp313-android_21_arm64_v8a.whl", hash = "sha256:ff94f47f0b5787d4e6a0105daf51ff9cdb4e5b9d4e9f8dd01b58ba9a5b79bbd9", size = 1417766, upload-time = "2026-01-17T23:43:57.855Z" },
    { url = "https://files.pythonhosted.org/packages/b9/71/7d4ecdf9e0da21ceec3ac05b03c2cac8cf2271a52172fd55dd65a9faa9e7/dulwich-1.0.0-cp313-cp313-android_21_x86_64.whl", hash = "sha256:1d95663441c930631d9d1765dc4f427dcc0662af45f42a0831357e60055ddb84", size = 1417760, upload-time = "2026-01-17T23:43:59.42Z" },
    { url = "https://files.pythonhosted.org/packages/09/3d/0486cefda75c7e9ea8d8dbdeaa014d618e694bc75734f073927135b37a4b/dulwich-1.0.0-cp313-cp313-macosx_11_0_arm64.whl", hash = "sha256:78542a62fabea894943a1d01c9c477a56eee5f7d58d3bdee42c7e0622ddf6893", size = 1316186, upload-time = "2026-01-17T23:44:01.334Z" },
    { url = "https://files.pythonhosted.org/packages/f7/a7/a24c6e1e9f7e5a2ee8f9e362e2c3e5d864cc2b69f04d02bedf82673f31c3/dulwich-1.0.0-cp313-cp313-manylinux_2_28_aarch64.whl", hash = "sha256:d1c33f6456e4335dfe6f4d3917fa7d77050d6470bbbaf8054b5c5084ee8e8cd1", size = 1392530, upload-time = "2026-01-17T23:44:03.655Z" },
    { url = "https://files.pythonhosted.org/packages/d4/03/1ff9dbda655fc714528786e3fdbbe16278bbefc02b9836e91a38620aa616/dulwich-1.0.0-cp313-cp313-manylinux_2_28_x86_64.whl", hash = "sha256:581330cf799577f194fda2b5384b7ba50e095de7ff088779c027a6de63642de2", size = 1420386, upload-time = "2026-01-17T23:44:05.844Z" },
    { url = "https://files.pythonhosted.org/packages/f0/ca/72e7cdde2ee0a4f858166ba8eb81a0d89f61762d9114bd7a358798892fc9/dulwich-1.0.0-cp313-cp313-win32.whl", hash = "sha256:276ff18ae734fe4a1be66d4267216a51d2deab0ac981d722db3d32fcc2ac4ff8", size = 981425, upload-time = "2026-01-17T23:44:07.373Z" },
    { url = "https://files.pythonhosted.org/packages/d7/27/8d4bed76ce983052e259da25255fed85b48ad30a34b4e4b7c8f518fdbc30/dulwich-1.0.0-cp313-cp313-win_amd64.whl", hash = "sha256:cc0ab4ba7fd8617bebe20294dedaa8f713d1767ce059bfbefd971b911b702726", size = 998055, upload-time = "2026-01-17T23:44:08.908Z" },
    { url = "https://files.pythonhosted.org/packages/49/65/e18082b56f9bed8e07f0632fbf3b9fd29d31d66dc3329359fe6577c98741/dulwich-1.0.0-cp314-cp314-android_24_arm64_v8a.whl", hash = "sha256:1bd4c872b617edc20e0b726479ec25705a0107a4bd16f83cb6cd108d86950634", size = 1435705, upload-time = "2026-01-17T23:44:10.991Z" },
    { url = "https://files.pythonhosted.org/packages/27/61/4974b3f593c3c1f7cf3656ca184246261632b81a27827ca453956d7b817e/dulwich-1.0.0-cp314-cp314-android_24_x86_64.whl", hash = "sha256:fc791771859258ffbe34a6579ece30684a535ae0341fd2f5adfa5f64cc885c13", size = 1435697, upload-time = "2026-01-17T23:44:12.708Z" },
    { url = "https://files.pythonhosted.org/packages/f9/99/4543953d2f7c1a940c1373362a70d253b85860be64b4ef8885bf8bfb340b/dulwich-1.0.0-py3-none-any.whl", hash = "sha256:221be803b71b060c928e9faae4ab3e259ff5beac6e0c251ba3c176b51b5c2ffb", size = 647950, upload-time = "2026-01-17T23:44:14.449Z" },
]

[[package]]
name = "iniconfig"
version = "2.3.0"
source = { registry = "https://pypi.org/simple" }
sdist = { url = "https://files.pythonhosted.org/packages/72/34/14ca021ce8e5dfedc35312d08ba8bf51fdd999c576889fc2c24cb97f4f10/iniconfig-2.3.0.tar.gz", hash = "sha256:c76315c77db068650d49c5b56314774a7804df16fee4402c1f19d6d15d8c4730", size = 20503, upload-time = "2025-10-18T21:55:43.219Z" }
wheels = [
    { url = "https://files.pythonhosted.org/packages/cb/b1/3846dd7f199d53cb17f49cba7e651e9ce294d8497c8c150530ed11865bb8/iniconfig-2.3.0-py3-none-any.whl", hash = "sha256:f631c04d2c48c52b84d0d0549c99ff3859c98df65b3101406327ecc7d53fbf12", size = 7484, upload-time = "2025-10-18T21:55:41.639Z" },
]

[[package]]
name = "markdown-it-py"
version = "4.0.0"
source = { registry = "https://pypi.org/simple" }
dependencies = [
    { name = "mdurl" },
]
sdist = { url = "https://files.pythonhosted.org/packages/5b/f5/4ec618ed16cc4f8fb3b701563655a69816155e79e24a17b651541804721d/markdown_it_py-4.0.0.tar.gz", hash = "sha256:cb0a2b4aa34f932c007117b194e945bd74e0ec24133ceb5bac59009cda1cb9f3", size = 73070, upload-time = "2025-08-11T12:57:52.854Z" }
wheels = [
    { url = "https://files.pythonhosted.org/packages/94/54/e7d793b573f298e1c9013b8c4dade17d481164aa517d1d7148619c2cedbf/markdown_it_py-4.0.0-py3-none-any.whl", hash = "sha256:87327c59b172c5011896038353a81343b6754500a08cd7a4973bb48c6d578147", size = 87321, upload-time = "2025-08-11T12:57:51.923Z" },
]

[[package]]
name = "mdurl"
version = "0.1.2"
source = { registry = "https://pypi.org/simple" }
sdist = { url = "https://files.pythonhosted.org/packages/d6/54/cfe61301667036ec958cb99bd3efefba235e65cdeb9c84d24a8293ba1d90/mdurl-0.1.2.tar.gz", hash = "sha256:bb413d29f5eea38f31dd4754dd7377d4465116fb207585f97bf925588687c1ba", size = 8729, upload-time = "2022-08-14T12:40:10.846Z" }
wheels = [
    { url = "https://files.pythonhosted.org/packages/b3/38/89ba8ad64ae25be8de66a6d463314cf1eb366222074cfda9ee839c56a4b4/mdurl-0.1.2-py3-none-any.whl", hash = "sha256:84008a41e51615a49fc9966191ff91509e3c40b939176e643fd50a5c2196b8f8", size = 9979, upload-time = "2022-08-14T12:40:09.779Z" },
]

[[package]]
name = "packaging"
version = "25.0"
source = { registry = "https://pypi.org/simple" }
sdist = { url = "https://files.pythonhosted.org/packages/a1/d4/1fc4078c65507b51b96ca8f8c3ba19e6a61c8253c72794544580a7b6c24d/packaging-25.0.tar.gz", hash = "sha256:d443872c98d677bf60f6a1f2f8c1cb748e8fe762d2bf9d3148b5599295b0fc4f", size = 165727, upload-time = "2025-04-19T11:48:59.673Z" }
wheels = [
    { url = "https://files.pythonhosted.org/packages/20/12/38679034af332785aac8774540895e234f4d07f7545804097de4b666afd8/packaging-25.0-py3-none-any.whl", hash = "sha256:29572ef2b1f17581046b3a2227d5c611fb25ec70ca1ba8554b24b0e69331a484", size = 66469, upload-time = "2025-04-19T11:48:57.875Z" },
]

[[package]]
name = "pluggy"
version = "1.6.0"
source = { registry = "https://pypi.org/simple" }
sdist = { url = "https://files.pythonhosted.org/packages/f9/e2/3e91f31a7d2b083fe6ef3fa267035b518369d9511ffab804f839851d2779/pluggy-1.6.0.tar.gz", hash = "sha256:7dcc130b76258d33b90f61b658791dede3486c3e6bfb003ee5c9bfb396dd22f3", size = 69412, upload-time = "2025-05-15T12:30:07.975Z" }
wheels = [
    { url = "https://files.pythonhosted.org/packages/54/20/4d324d65cc6d9205fabedc306948156824eb9f0ee1633355a8f7ec5c66bf/pluggy-1.6.0-py3-none-any.whl", hash = "sha256:e920276dd6813095e9377c0bc5566d94c932c33b27a3e3945d8389c374dd4746", size = 20538, upload-time = "2025-05-15T12:30:06.134Z" },
]

[[package]]
name = "pygments"
version = "2.19.2"
source = { registry = "https://pypi.org/simple" }
sdist = { url = "https://files.pythonhosted.org/packages/b0/77/a5b8c569bf593b0140bde72ea885a803b82086995367bf2037de0159d924/pygments-2.19.2.tar.gz", hash = "sha256:636cb2477cec7f8952536970bc533bc43743542f70392ae026374600add5b887", size = 4968631, upload-time = "2025-06-21T13:39:12.283Z" }
wheels = [
    { url = "https://files.pythonhosted.org/packages/c7/21/705964c7812476f378728bdf590ca4b771ec72385c533964653c68e86bdc/pygments-2.19.2-py3-none-any.whl", hash = "sha256:86540386c03d588bb81d44bc3928634ff26449851e99741617ecb9037ee5ec0b", size = 1225217, upload-time = "2025-06-21T13:39:07.939Z" },
]

[[package]]
name = "pytest"
version = "9.0.2"
source = { registry = "https://pypi.org/simple" }
dependencies = [
    { name = "colorama", marker = "sys_platform == 'win32'" },
    { name = "iniconfig" },
    { name = "packaging" },
    { name = "pluggy" },
    { name = "pygments" },
]
sdist = { url = "https://files.pythonhosted.org/packages/d1/db/7ef3487e0fb0049ddb5ce41d3a49c235bf9ad299b6a25d5780a89f19230f/pytest-9.0.2.tar.gz", hash = "sha256:75186651a92bd89611d1d9fc20f0b4345fd827c41ccd5c299a868a05d70edf11", size = 1568901, upload-time = "2025-12-06T21:30:51.014Z" }
wheels = [
    { url = "https://files.pythonhosted.org/packages/3b/ab/b3226f0bd7cdcf710fbede2b3548584366da3b19b5021e74f5bde2a8fa3f/pytest-9.0.2-py3-none-any.whl", hash = "sha256:711ffd45bf766d5264d487b917733b453d917afd2b0ad65223959f59089f875b", size = 374801, upload-time = "2025-12-06T21:30:49.154Z" },
]

[[package]]
name = "rich"
version = "14.2.0"
source = { registry = "https://pypi.org/simple" }
dependencies = [
    { name = "markdown-it-py" },
    { name = "pygments" },
]
sdist = { url = "https://files.pythonhosted.org/packages/fb/d2/8920e102050a0de7bfabeb4c4614a49248cf8d5d7a8d01885fbb24dc767a/rich-14.2.0.tar.gz", hash = "sha256:73ff50c7c0c1c77c8243079283f4edb376f0f6442433aecb8ce7e6d0b92d1fe4", size = 219990, upload-time = "2025-10-09T14:16:53.064Z" }
wheels = [
    { url = "https://files.pythonhosted.org/packages/25/7a/b0178788f8dc6cafce37a212c99565fa1fe7872c70c6c9c1e1a372d9d88f/rich-14.2.0-py3-none-any.whl", hash = "sha256:76bc51fe2e57d2b1be1f96c524b890b816e334ab4c1e45888799bfaab0021edd", size = 243393, upload-time = "2025-10-09T14:16:51.245Z" },
]

[[package]]
name = "rich-toolkit"
version = "0.17.1"
source = { registry = "https://pypi.org/simple" }
dependencies = [
    { name = "click" },
    { name = "rich" },
    { name = "typing-extensions" },
]
sdist = { url = "https://files.pythonhosted.org/packages/97/09/3f9b8d9daaf235195c626f21e03604c05b987404ee3bcacee0c1f67f2a8e/rich_toolkit-0.17.1.tar.gz", hash = "sha256:5af54df8d1dd9c8530e462e1bdcaed625c9b49f5a55b035aa0ba1c17bdb87c9a", size = 187925, upload-time = "2025-12-17T10:49:22.583Z" }
wheels = [
    { url = "https://files.pythonhosted.org/packages/7f/7b/15e55fa8a76d0d41bf34d965af78acdaf80a315907adb30de8b63c272694/rich_toolkit-0.17.1-py3-none-any.whl", hash = "sha256:96d24bb921ecd225ffce7c526a9149e74006410c05e6d405bd74ffd54d5631ed", size = 31412, upload-time = "2025-12-17T10:49:21.793Z" },
]

[[package]]
name = "shellingham"
version = "1.5.4"
source = { registry = "https://pypi.org/simple" }
sdist = { url = "https://files.pythonhosted.org/packages/58/15/8b3609fd3830ef7b27b655beb4b4e9c62313a4e8da8c676e142cc210d58e/shellingham-1.5.4.tar.gz", hash = "sha256:8dbca0739d487e5bd35ab3ca4b36e11c4078f3a234bfce294b0a0291363404de", size = 10310, upload-time = "2023-10-24T04:13:40.426Z" }
wheels = [
    { url = "https://files.pythonhosted.org/packages/e0/f9/0595336914c5619e5f28a1fb793285925a8cd4b432c9da0a987836c7f822/shellingham-1.5.4-py2.py3-none-any.whl", hash = "sha256:7ecfff8f2fd72616f7481040475a65b2bf8af90a56c89140852d1120324e8686", size = 9755, upload-time = "2023-10-24T04:13:38.866Z" },
]

[[package]]
name = "shortcake"
version = "0.1.0"
source = { editable = "." }
dependencies = [
    { name = "dulwich" },
    { name = "rich-toolkit" },
    { name = "typer" },
]

[package.optional-dependencies]
dev = [
    { name = "pytest" },
]

[package.metadata]
requires-dist = [
    { name = "dulwich", specifier = ">=1.0.0" },
    { name = "pytest", marker = "extra == 'dev'", specifier = ">=8.0.0" },
    { name = "rich-toolkit", specifier = ">=0.12.0" },
    { name = "typer", specifier = ">=0.15.0" },
]
provides-extras = ["dev"]

[[package]]
name = "typer"
version = "0.21.1"
source = { registry = "https://pypi.org/simple" }
dependencies = [
    { name = "click" },
    { name = "rich" },
    { name = "shellingham" },
    { name = "typing-extensions" },
]
sdist = { url = "https://files.pythonhosted.org/packages/36/bf/8825b5929afd84d0dabd606c67cd57b8388cb3ec385f7ef19c5cc2202069/typer-0.21.1.tar.gz", hash = "sha256:ea835607cd752343b6b2b7ce676893e5a0324082268b48f27aa058bdb7d2145d", size = 110371, upload-time = "2026-01-06T11:21:10.989Z" }
wheels = [
    { url = "https://files.pythonhosted.org/packages/a0/1d/d9257dd49ff2ca23ea5f132edf1281a0c4f9de8a762b9ae399b670a59235/typer-0.21.1-py3-none-any.whl", hash = "sha256:7985e89081c636b88d172c2ee0cfe33c253160994d47bdfdc302defd7d1f1d01", size = 47381, upload-time = "2026-01-06T11:21:09.824Z" },
]

[[package]]
name = "typing-extensions"
version = "4.15.0"
source = { registry = "https://pypi.org/simple" }
sdist = { url = "https://files.pythonhosted.org/packages/72/94/1a15dd82efb362ac84269196e94cf00f187f7ed21c242792a923cdb1c61f/typing_extensions-4.15.0.tar.gz", hash = "sha256:0cea48d173cc12fa28ecabc3b837ea3cf6f38c6d1136f85cbaaf598984861466", size = 109391, upload-time = "2025-08-25T13:49:26.313Z" }
wheels = [
    { url = "https://files.pythonhosted.org/packages/18/67/36e9267722cc04a6b9f15c7f3441c2363321a3ea07da7ae0c0707beb2a9c/typing_extensions-4.15.0-py3-none-any.whl", hash = "sha256:f0fa19c6845758ab08074a0cfa8b7aecb71c999ca73d62883bc25cc018c4e548", size = 44614, upload-time = "2025-08-25T13:49:24.86Z" },
]

[[package]]
name = "urllib3"
version = "2.6.3"
source = { registry = "https://pypi.org/simple" }
sdist = { url = "https://files.pythonhosted.org/packages/c7/24/5f1b3bdffd70275f6661c76461e25f024d5a38a46f04aaca912426a2b1d3/urllib3-2.6.3.tar.gz", hash = "sha256:1b62b6884944a57dbe321509ab94fd4d3b307075e0c2eae991ac71ee15ad38ed", size = 435556, upload-time = "2026-01-07T16:24:43.925Z" }
wheels = [
    { url = "https://files.pythonhosted.org/packages/39/08/aaaad47bc4e9dc8c725e68f9d04865dbcb2052843ff09c97b08904852d84/urllib3-2.6.3-py3-none-any.whl", hash = "sha256:bf272323e553dfb2e87d9bfd225ca7b0f467b919d7bbd355436d3fd37cb0acd4", size = 131584, upload-time = "2026-01-07T16:24:42.685Z" },
]
